
Microsoft Visual Studio Solution File, Format Version 12.00
# Visual Studio Version 17
VisualStudioVersion = 17.9.34728.123
MinimumVisualStudioVersion = 10.0.40219.1
Project("{888888A0-9F3D-457C-B088-3A5042F75D52}") = "SEPTAFinder", "SEPTAFinder.pyproj", "{832FD129-E243-40AE-8F0D-3CD23CA25664}"
EndProject
Global
	GlobalSection(SolutionConfigurationPlatforms) = preSolution
		Debug|Any CPU = Debug|Any CPU
		Release|Any CPU = Release|Any CPU
	EndGlobalSection
	GlobalSection(ProjectConfigurationPlatforms) = postSolution
		{832FD129-E243-40AE-8F0D-3CD23CA25664}.Debug|Any CPU.ActiveCfg = Debug|Any CPU
		{832FD129-E243-40AE-8F0D-3CD23CA25664}.Release|Any CPU.ActiveCfg = Release|Any CPU
	EndGlobalSection
	GlobalSection(SolutionProperties) = preSolution
		HideSolutionNode = FALSE
	EndGlobalSection
	GlobalSection(ExtensibilityGlobals) = postSolution
		SolutionGuid = {8F709892-00F6-4B0A-AC5B-50CD7F1AB1DB}
	EndGlobalSection
EndGlobal
